// !$*UTF8*$!
{
	archiveVersion = 1;
	classes = {
	};
	objectVersion = 46;
	objects = {

/* Begin PBXBuildFile section */
		889873D11D111AD400926C09 /* AppDelegate.swift in Sources */ = {isa = PBXBuildFile; fileRef = 889873D01D111AD400926C09 /* AppDelegate.swift */; };
		889873D31D111AD400926C09 /* ViewController.swift in Sources */ = {isa = PBXBuildFile; fileRef = 889873D21D111AD400926C09 /* ViewController.swift */; };
		889873D61D111AD400926C09 /* Main.storyboard in Resources */ = {isa = PBXBuildFile; fileRef = 889873D41D111AD400926C09 /* Main.storyboard */; };
		889873D81D111AD400926C09 /* Assets.xcassets in Resources */ = {isa = PBXBuildFile; fileRef = 889873D71D111AD400926C09 /* Assets.xcassets */; };
		889873DB1D111AD400926C09 /* LaunchScreen.storyboard in Resources */ = {isa = PBXBuildFile; fileRef = 889873D91D111AD400926C09 /* LaunchScreen.storyboard */; };
		889873E31D111B4700926C09 /* TestTableViewController.swift in Sources */ = {isa = PBXBuildFile; fileRef = 889873E21D111B4700926C09 /* TestTableViewController.swift */; };
/* End PBXBuildFile section */

/* Begin PBXFileReference section */
		889873CD1D111AD400926C09 /* RefreshControl.app */ = {isa = PBXFileReference; explicitFileType = wrapper.application; includeInIndex = 0; path = RefreshControl.app; sourceTree = BUILT_PRODUCTS_DIR; };
		889873D01D111AD400926C09 /* AppDelegate.swift */ = {isa = PBXFileReference; lastKnownFileType = sourcecode.swift; path = AppDelegate.swift; sourceTree = "<group>"; };
		889873D21D111AD400926C09 /* ViewController.swift */ = {isa = PBXFileReference; lastKnownFileType = sourcecode.swift; path = ViewController.swift; sourceTree = "<group>"; };
		889873D51D111AD400926C09 /* Base */ = {isa = PBXFileReference; lastKnownFileType = file.storyboard; name = Base; path = Base.lproj/Main.storyboard; sourceTree = "<group>"; };
		889873D71D111AD400926C09 /* Assets.xcassets */ = {isa = PBXFileReference; lastKnownFileType = folder.assetcatalog; path = Assets.xcassets; sourceTree = "<group>"; };
		889873DA1D111AD400926C09 /* Base */ = {isa = PBXFileReference; lastKnownFileType = file.storyboard; name = Base; path = Base.lproj/LaunchScreen.storyboard; sourceTree = "<group>"; };
		889873DC1D111AD400926C09 /* Info.plist */ = {isa = PBXFileReference; lastKnownFileType = text.plist.xml; path = Info.plist; sourceTree = "<group>"; };
		889873E21D111B4700926C09 /* TestTableViewController.swift */ = {isa = PBXFileReference; fileEncoding = 4; lastKnownFileType = sourcecode.swift; path = TestTableViewController.swift; sourceTree = "<group>"; };
/* End PBXFileReference section */

/* Begin PBXFrameworksBuildPhase section */
		889873CA1D111AD400926C09 /* Frameworks */ = {
			isa = PBXFrameworksBuildPhase;
			buildActionMask = 2147483647;
			files = (
			);
			runOnlyForDeploymentPostprocessing = 0;
		};
/* End PBXFrameworksBuildPhase section */

/* Begin PBXGroup section */
		889873C41D111AD400926C09 = {
			isa = PBXGroup;
			children = (
				889873CF1D111AD400926C09 /* RefreshControl */,
				889873CE1D111AD400926C09 /* Products */,
			);
			sourceTree = "<group>";
		};
		889873CE1D111AD400926C09 /* Products */ = {
			isa = PBXGroup;
			children = (
				889873CD1D111AD400926C09 /* RefreshControl.app */,
			);
			name = Products;
			sourceTree = "<group>";
		};
		889873CF1D111AD400926C09 /* RefreshControl */ = {
			isa = PBXGroup;
			children = (
				889873D01D111AD400926C09 /* AppDelegate.swift */,
				889873D21D111AD400926C09 /* ViewController.swift */,
				889873D41D111AD400926C09 /* Main.storyboard */,
				889873E21D111B4700926C09 /* TestTableViewController.swift */,
				889873D71D111AD400926C09 /* Assets.xcassets */,
				889873D91D111AD400926C09 /* LaunchScreen.storyboard */,
				889873DC1D111AD400926C09 /* Info.plist */,
			);
			path = RefreshControl;
			sourceTree = "<group>";
		};
/* End PBXGroup section */

/* Begin PBXNativeTarget section */
		889873CC1D111AD400926C09 /* RefreshControl */ = {
			isa = PBXNativeTarget;
			buildConfigurationList = 889873DF1D111AD400926C09 /* Build configuration list for PBXNativeTarget "RefreshControl" */;
			buildPhases = (
				889873C91D111AD400926C09 /* Sources */,
				889873CA1D111AD400926C09 /* Frameworks */,
				889873CB1D111AD400926C09 /* Resources */,
			);
			buildRules = (
			);
			dependencies = (
			);
			name = RefreshControl;
			productName = RefreshControl;
			productReference = 889873CD1D111AD400926C09 /* RefreshControl.app */;
			productType = "com.apple.product-type.application";
		};
/* End PBXNativeTarget section */

/* Begin PBXProject section */
		889873C51D111AD400926C09 /* Project object */ = {
			isa = PBXProject;
			attributes = {
				LastSwiftUpdateCheck = 0720;
				LastUpgradeCheck = 0720;
				ORGANIZATIONNAME = TestOrganization;
				TargetAttributes = {
					889873CC1D111AD400926C09 = {
						CreatedOnToolsVersion = 7.2.1;
					};
				};
			};
			buildConfigurationList = 889873C81D111AD400926C09 /* Build configuration list for PBXProject "RefreshControl" */;
			compatibilityVersion = "Xcode 3.2";
			developmentRegion = English;
			hasScannedForEncodings = 0;
			knownRegions = (
				en,
				Base,
			);
			mainGroup = 889873C41D111AD400926C09;
			productRefGroup = 889873CE1D111AD400926C09 /* Products */;
			projectDirPath = "";
			projectRoot = "";
			targets = (
				889873CC1D111AD400926C09 /* RefreshControl */,
			);
		};
/* End PBXProject section */

/* Begin PBXResourcesBuildPhase section */
		889873CB1D111AD400926C09 /* Resources */ = {
			isa = PBXResourcesBuildPhase;
			buildActionMask = 2147483647;
			files = (
				889873DB1D111AD400926C09 /* LaunchScreen.storyboard in Resources */,
				889873D81D111AD400926C09 /* Assets.xcassets in Resources */,
				889873D61D111AD400926C09 /* Main.storyboard in Resources */,
			);
			runOnlyForDeploymentPostprocessing = 0;
		};
/* End PBXResourcesBuildPhase section */

/* Begin PBXSourcesBuildPhase section */
		889873C91D111AD400926C09 /* Sources */ = {
			isa = PBXSourcesBuildPhase;
			buildActionMask = 2147483647;
			files = (
				889873D31D111AD400926C09 /* ViewController.swift in Sources */,
				889873D11D111AD400926C09 /* AppDelegate.swift in Sources */,
				889873E31D111B4700926C09 /* TestTableViewController.swift in Sources */,
			);
			runOnlyForDeploymentPostprocessing = 0;
		};
/* End PBXSourcesBuildPhase section */

/* Begin PBXVariantGroup section */
		889873D41D111AD400926C09 /* Main.storyboard */ = {
			isa = PBXVariantGroup;
			children = (
				889873D51D111AD400926C09 /* Base */,
			);
			name = Main.storyboard;
			sourceTree = "<group>";
		};
		889873D91D111AD400926C09 /* LaunchScreen.storyboard */ = {
			isa = PBXVariantGroup;
			children = (
				889873DA1D111AD400926C09 /* Base */,
			);
			name = LaunchScreen.storyboard;
			sourceTree = "<group>";
		};
/* End PBXVariantGroup section */

/* Begin XCBuildConfiguration section */
		889873DD1D111AD400926C09 /* Debug */ = {
			isa = XCBuildConfiguration;
			buildSettings = {
				ALWAYS_SEARCH_USER_PATHS = NO;
				CLANG_CXX_LANGUAGE_STANDARD = "gnu++0x";
				CLANG_CXX_LIBRARY = "libc++";
				CLANG_ENABLE_MODULES = YES;
				CLANG_ENABLE_OBJC_ARC = YES;
				CLANG_WARN_BOOL_CONVERSION = YES;
				CLANG_WARN_CONSTANT_CONVERSION = YES;
				CLANG_WARN_DIRECT_OBJC_ISA_USAGE = YES_ERROR;
				CLANG_WARN_EMPTY_BODY = YES;
				CLANG_WARN_ENUM_CONVERSION = YES;
				CLANG_WARN_INT_CONVERSION = YES;
				CLANG_WARN_OBJC_ROOT_CLASS = YES_ERROR;
				CLANG_WARN_UNREACHABLE_CODE = YES;
				CLANG_WARN__DUPLICATE_METHOD_MATCH = YES;
				"CODE_SIGN_IDENTITY[sdk=iphoneos*]" = "iPhone Developer";
				COPY_PHASE_STRIP = NO;
				DEBUG_INFORMATION_FORMAT = dwarf;
				ENABLE_STRICT_OBJC_MSGSEND = YES;
				ENABLE_TESTABILITY = YES;
				GCC_C_LANGUAGE_STANDARD = gnu99;
				GCC_DYNAMIC_NO_PIC = NO;
				GCC_NO_COMMON_BLOCKS = YES;
				GCC_OPTIMIZATION_LEVEL = 0;
				GCC_PREPROCESSOR_DEFINITIONS = (
					"DEBUG=1",
					"$(inherited)",
				);
				GCC_WARN_64_TO_32_BIT_CONVERSION = YES;
				GCC_WARN_ABOUT_RETURN_TYPE = YES_ERROR;
				GCC_WARN_UNDECLARED_SELECTOR = YES;
				GCC_WARN_UNINITIALIZED_AUTOS = YES_AGGRESSIVE;
				GCC_WARN_UNUSED_FUNCTION = YES;
				GCC_WARN_UNUSED_VARIABLE = YES;
				IPHONEOS_DEPLOYMENT_TARGET = 9.2;
				MTL_ENABLE_DEBUG_INFO = YES;
				ONLY_ACTIVE_ARCH = YES;
				SDKROOT = iphoneos;
				SWIFT_OPTIMIZATION_LEVEL = "-Onone";
				TARGETED_DEVICE_FAMILY = "1,2";
			};
			name = Debug;
		};
		889873DE1D111AD400926C09 /* Release */ = {
			isa = XCBuildConfiguration;
			buildSettings = {
				ALWAYS_SEARCH_USER_PATHS = NO;
				CLANG_CXX_LANGUAGE_STANDARD = "gnu++0x";
				CLANG_CXX_LIBRARY = "libc++";
				CLANG_ENABLE_MODULES = YES;
				CLANG_ENABLE_OBJC_ARC = YES;
				CLANG_WARN_BOOL_CONVERSION = YES;
				CLANG_WARN_CONSTANT_CONVERSION = YES;
				CLANG_WARN_DIRECT_OBJC_ISA_USAGE = YES_ERROR;
				CLANG_WARN_EMPTY_BODY = YES;
				CLANG_WARN_ENUM_CONVERSION = YES;
				CLANG_WARN_INT_CONVERSION = YES;
				CLANG_WARN_OBJC_ROOT_CLASS = YES_ERROR;
				CLANG_WARN_UNREACHABLE_CODE = YES;
				CLANG_WARN__DUPLICATE_METHOD_MATCH = YES;
				"CODE_SIGN_IDENTITY[sdk=iphoneos*]" = "iPhone Developer";
				COPY_PHASE_STRIP = NO;
				DEBUG_INFORMATION_FORMAT = "dwarf-with-dsym";
				ENABLE_NS_ASSERTIONS = NO;
				ENABLE_STRICT_OBJC_MSGSEND = YES;
				GCC_C_LANGUAGE_STANDARD = gnu99;
				GCC_NO_COMMON_BLOCKS = YES;
				GCC_WARN_64_TO_32_BIT_CONVERSION = YES;
				GCC_WARN_ABOUT_RETURN_TYPE = YES_ERROR;
				GCC_WARN_UNDECLARED_SELECTOR = YES;
				GCC_WARN_UNINITIALIZED_AUTOS = YES_AGGRESSIVE;
				GCC_WARN_UNUSED_FUNCTION = YES;
				GCC_WARN_UNUSED_VARIABLE = YES;
				IPHONEOS_DEPLOYMENT_TARGET = 9.2;
				MTL_ENABLE_DEBUG_INFO = NO;
				SDKROOT = iphoneos;
				TARGETED_DEVICE_FAMILY = "1,2";
				VALIDATE_PRODUCT = YES;
			};
			name = Release;
		};
		889873E01D111AD400926C09 /* Debug */ = {
			isa = XCBuildConfiguration;
			buildSettings = {
				ASSETCATALOG_COMPILER_APPICON_NAME = AppIcon;
				INFOPLIST_FILE = RefreshControl/Info.plist;
				LD_RUNPATH_SEARCH_PATHS = "$(inherited) @executable_path/Frameworks";
				PRODUCT_BUNDLE_IDENTIFIER = com.test.RefreshControl;
				PRODUCT_NAME = "$(TARGET_NAME)";
			};
			name = Debug;
		};
		889873E11D111AD400926C09 /* Release */ = {
			isa = XCBuildConfiguration;
			buildSettings = {
				ASSETCATALOG_COMPILER_APPICON_NAME = AppIcon;
				INFOPLIST_FILE = RefreshControl/Info.plist;
				LD_RUNPATH_SEARCH_PATHS = "$(inherited) @executable_path/Frameworks";
				PRODUCT_BUNDLE_IDENTIFIER = com.test.RefreshControl;
				PRODUCT_NAME = "$(TARGET_NAME)";
			};
			name = Release;
		};
/* End XCBuildConfiguration section */

/* Begin XCConfigurationList section */
		889873C81D111AD400926C09 /* Build configuration list for PBXProject "RefreshControl" */ = {
			isa = XCConfigurationList;
			buildConfigurations = (
				889873DD1D111AD400926C09 /* Debug */,
				889873DE1D111AD400926C09 /* Release */,
			);
			defaultConfigurationIsVisible = 0;
			defaultConfigurationName = Release;
		};
		889873DF1D111AD400926C09 /* Build configuration list for PBXNativeTarget "RefreshControl" */ = {
			isa = XCConfigurationList;
			buildConfigurations = (
				889873E01D111AD400926C09 /* Debug */,
				889873E11D111AD400926C09 /* Release */,
			);
			defaultConfigurationIsVisible = 0;
		};
/* End XCConfigurationList section */
	};
	rootObject = 889873C51D111AD400926C09 /* Project object */;
}
